// !$*UTF8*$!
{
	archiveVersion = 1;
	classes = {
	};
	objectVersion = 50;
	objects = {

/* Begin PBXBuildFile section */
		6AECD1BC33491A00F32F32D8 /* Pods_MazeSolverRendererTests.framework in Frameworks */ = {isa = PBXBuildFile; fileRef = D004975D3CBA6C0482C80ABA /* Pods_MazeSolverRendererTests.framework */; };
		BC1C9AA3213ACD5C0029AD9C /* AppDelegate.swift in Sources */ = {isa = PBXBuildFile; fileRef = BC1C9AA2213ACD5C0029AD9C /* AppDelegate.swift */; };
		BC1C9AA5213ACD5C0029AD9C /* MazeViewController.swift in Sources */ = {isa = PBXBuildFile; fileRef = BC1C9AA4213ACD5C0029AD9C /* MazeViewController.swift */; };
		BC1C9AA8213ACD5C0029AD9C /* Main.storyboard in Resources */ = {isa = PBXBuildFile; fileRef = BC1C9AA6213ACD5C0029AD9C /* Main.storyboard */; };
		BC1C9AAB213ACD5C0029AD9C /* MazeSolverRenderer.xcdatamodeld in Sources */ = {isa = PBXBuildFile; fileRef = BC1C9AA9213ACD5C0029AD9C /* MazeSolverRenderer.xcdatamodeld */; };
		BC1C9AAD213ACD5C0029AD9C /* Assets.xcassets in Resources */ = {isa = PBXBuildFile; fileRef = BC1C9AAC213ACD5C0029AD9C /* Assets.xcassets */; };
		BC1C9AB0213ACD5C0029AD9C /* LaunchScreen.storyboard in Resources */ = {isa = PBXBuildFile; fileRef = BC1C9AAE213ACD5C0029AD9C /* LaunchScreen.storyboard */; };
		BC1C9ABB213ACD5D0029AD9C /* MazeSolverRendererTests.swift in Sources */ = {isa = PBXBuildFile; fileRef = BC1C9ABA213ACD5D0029AD9C /* MazeSolverRendererTests.swift */; };
		BC482E8B213CC26B0032D4AF /* MazeNetworkManager.swift in Sources */ = {isa = PBXBuildFile; fileRef = BC482E8A213CC26B0032D4AF /* MazeNetworkManager.swift */; };
		BC482E8E213CC7A60032D4AF /* ThreadSafeStack.swift in Sources */ = {isa = PBXBuildFile; fileRef = BC482E8D213CC7A60032D4AF /* ThreadSafeStack.swift */; };
		BC482E90213CCF1C0032D4AF /* ThreadSafeArray.swift in Sources */ = {isa = PBXBuildFile; fileRef = BC482E8F213CCF1C0032D4AF /* ThreadSafeArray.swift */; };
		BC482E92213CDB440032D4AF /* Tile.swift in Sources */ = {isa = PBXBuildFile; fileRef = BC482E91213CDB440032D4AF /* Tile.swift */; };
		BC482E94213CDBB80032D4AF /* MazeProcessor.swift in Sources */ = {isa = PBXBuildFile; fileRef = BC482E93213CDBB80032D4AF /* MazeProcessor.swift */; };
		BC5393A7213ACE4A005AF5C5 /* TakeHomeTask.xcassets in Resources */ = {isa = PBXBuildFile; fileRef = BC5393A3213ACE4A005AF5C5 /* TakeHomeTask.xcassets */; };
		BC5393A8213ACE4A005AF5C5 /* MazeApp-iPhone.jpg in Resources */ = {isa = PBXBuildFile; fileRef = BC5393A4213ACE4A005AF5C5 /* MazeApp-iPhone.jpg */; };
		BC5393A9213ACE4A005AF5C5 /* README.md in Resources */ = {isa = PBXBuildFile; fileRef = BC5393A5213ACE4A005AF5C5 /* README.md */; };
		BC5393AD213AD32C005AF5C5 /* TakeHomeTask.framework in Embed Frameworks */ = {isa = PBXBuildFile; fileRef = BC5393A6213ACE4A005AF5C5 /* TakeHomeTask.framework */; settings = {ATTRIBUTES = (CodeSignOnCopy, RemoveHeadersOnCopy, ); }; };
		BC5393B2213C124D005AF5C5 /* ImageDownloader.swift in Sources */ = {isa = PBXBuildFile; fileRef = BC5393B1213C124D005AF5C5 /* ImageDownloader.swift */; };
		BC5393B4213C15E2005AF5C5 /* MazeFrameViewController.swift in Sources */ = {isa = PBXBuildFile; fileRef = BC5393B3213C15E2005AF5C5 /* MazeFrameViewController.swift */; };
		BC5393B8213C1FD9005AF5C5 /* MazeFrameViewModel.swift in Sources */ = {isa = PBXBuildFile; fileRef = BC5393B7213C1FD9005AF5C5 /* MazeFrameViewModel.swift */; };
		BC5393BB213C21A6005AF5C5 /* Room.swift in Sources */ = {isa = PBXBuildFile; fileRef = BC5393BA213C21A6005AF5C5 /* Room.swift */; };
		BC75A651213D60AB00E27B64 /* TileView.swift in Sources */ = {isa = PBXBuildFile; fileRef = BC75A650213D60AB00E27B64 /* TileView.swift */; };
		BCEEA5D52146A8750036339A /* MazeViewModel.swift in Sources */ = {isa = PBXBuildFile; fileRef = BCEEA5D42146A8750036339A /* MazeViewModel.swift */; };
		C280480A8B624CAEF0B22AE7 /* Pods_MazeSolverRenderer.framework in Frameworks */ = {isa = PBXBuildFile; fileRef = 07D30FEDF0EEB9EBB647200F /* Pods_MazeSolverRenderer.framework */; };
/* End PBXBuildFile section */

/* Begin PBXContainerItemProxy section */
		BC1C9AB7213ACD5D0029AD9C /* PBXContainerItemProxy */ = {
			isa = PBXContainerItemProxy;
			containerPortal = BC1C9A97213ACD5C0029AD9C /* Project object */;
			proxyType = 1;
			remoteGlobalIDString = BC1C9A9E213ACD5C0029AD9C;
			remoteInfo = MazeSolverRenderer;
		};
/* End PBXContainerItemProxy section */

/* Begin PBXCopyFilesBuildPhase section */
		BC5393AE213AD32C005AF5C5 /* Embed Frameworks */ = {
			isa = PBXCopyFilesBuildPhase;
			buildActionMask = 2147483647;
			dstPath = "";
			dstSubfolderSpec = 10;
			files = (
				BC5393AD213AD32C005AF5C5 /* TakeHomeTask.framework in Embed Frameworks */,
			);
			name = "Embed Frameworks";
			runOnlyForDeploymentPostprocessing = 0;
		};
/* End PBXCopyFilesBuildPhase section */

/* Begin PBXFileReference section */
		07D30FEDF0EEB9EBB647200F /* Pods_MazeSolverRenderer.framework */ = {isa = PBXFileReference; explicitFileType = wrapper.framework; includeInIndex = 0; path = Pods_MazeSolverRenderer.framework; sourceTree = BUILT_PRODUCTS_DIR; };
		09B60B9F1DC888B1C455040B /* Pods-MazeSolverRenderer.release.xcconfig */ = {isa = PBXFileReference; includeInIndex = 1; lastKnownFileType = text.xcconfig; name = "Pods-MazeSolverRenderer.release.xcconfig"; path = "Pods/Target Support Files/Pods-MazeSolverRenderer/Pods-MazeSolverRenderer.release.xcconfig"; sourceTree = "<group>"; };
		56822CE6BDD7F8A11238723D /* Pods-MazeSolverRendererTests.release.xcconfig */ = {isa = PBXFileReference; includeInIndex = 1; lastKnownFileType = text.xcconfig; name = "Pods-MazeSolverRendererTests.release.xcconfig"; path = "Pods/Target Support Files/Pods-MazeSolverRendererTests/Pods-MazeSolverRendererTests.release.xcconfig"; sourceTree = "<group>"; };
		BC1C9A9F213ACD5C0029AD9C /* MazeSolverRenderer.app */ = {isa = PBXFileReference; explicitFileType = wrapper.application; includeInIndex = 0; path = MazeSolverRenderer.app; sourceTree = BUILT_PRODUCTS_DIR; };
		BC1C9AA2213ACD5C0029AD9C /* AppDelegate.swift */ = {isa = PBXFileReference; lastKnownFileType = sourcecode.swift; path = AppDelegate.swift; sourceTree = "<group>"; };
		BC1C9AA4213ACD5C0029AD9C /* MazeViewController.swift */ = {isa = PBXFileReference; lastKnownFileType = sourcecode.swift; path = MazeViewController.swift; sourceTree = "<group>"; };
		BC1C9AA7213ACD5C0029AD9C /* Base */ = {isa = PBXFileReference; lastKnownFileType = file.storyboard; name = Base; path = Base.lproj/Main.storyboard; sourceTree = "<group>"; };
		BC1C9AAA213ACD5C0029AD9C /* MazeSolverRenderer.xcdatamodel */ = {isa = PBXFileReference; lastKnownFileType = wrapper.xcdatamodel; path = MazeSolverRenderer.xcdatamodel; sourceTree = "<group>"; };
		BC1C9AAC213ACD5C0029AD9C /* Assets.xcassets */ = {isa = PBXFileReference; lastKnownFileType = folder.assetcatalog; path = Assets.xcassets; sourceTree = "<group>"; };
		BC1C9AAF213ACD5C0029AD9C /* Base */ = {isa = PBXFileReference; lastKnownFileType = file.storyboard; name = Base; path = Base.lproj/LaunchScreen.storyboard; sourceTree = "<group>"; };
		BC1C9AB1213ACD5C0029AD9C /* Info.plist */ = {isa = PBXFileReference; lastKnownFileType = text.plist.xml; path = Info.plist; sourceTree = "<group>"; };
		BC1C9AB6213ACD5D0029AD9C /* MazeSolverRendererTests.xctest */ = {isa = PBXFileReference; explicitFileType = wrapper.cfbundle; includeInIndex = 0; path = MazeSolverRendererTests.xctest; sourceTree = BUILT_PRODUCTS_DIR; };
		BC1C9ABA213ACD5D0029AD9C /* MazeSolverRendererTests.swift */ = {isa = PBXFileReference; lastKnownFileType = sourcecode.swift; path = MazeSolverRendererTests.swift; sourceTree = "<group>"; };
		BC1C9ABC213ACD5D0029AD9C /* Info.plist */ = {isa = PBXFileReference; lastKnownFileType = text.plist.xml; path = Info.plist; sourceTree = "<group>"; };
		BC482E8A213CC26B0032D4AF /* MazeNetworkManager.swift */ = {isa = PBXFileReference; lastKnownFileType = sourcecode.swift; path = MazeNetworkManager.swift; sourceTree = "<group>"; };
		BC482E8D213CC7A60032D4AF /* ThreadSafeStack.swift */ = {isa = PBXFileReference; lastKnownFileType = sourcecode.swift; path = ThreadSafeStack.swift; sourceTree = "<group>"; };
		BC482E8F213CCF1C0032D4AF /* ThreadSafeArray.swift */ = {isa = PBXFileReference; lastKnownFileType = sourcecode.swift; path = ThreadSafeArray.swift; sourceTree = "<group>"; };
		BC482E91213CDB440032D4AF /* Tile.swift */ = {isa = PBXFileReference; lastKnownFileType = sourcecode.swift; path = Tile.swift; sourceTree = "<group>"; };
		BC482E93213CDBB80032D4AF /* MazeProcessor.swift */ = {isa = PBXFileReference; lastKnownFileType = sourcecode.swift; path = MazeProcessor.swift; sourceTree = "<group>"; };
		BC5393A3213ACE4A005AF5C5 /* TakeHomeTask.xcassets */ = {isa = PBXFileReference; lastKnownFileType = folder.assetcatalog; path = TakeHomeTask.xcassets; sourceTree = "<group>"; };
		BC5393A4213ACE4A005AF5C5 /* MazeApp-iPhone.jpg */ = {isa = PBXFileReference; lastKnownFileType = image.jpeg; path = "MazeApp-iPhone.jpg"; sourceTree = "<group>"; };
		BC5393A5213ACE4A005AF5C5 /* README.md */ = {isa = PBXFileReference; fileEncoding = 4; lastKnownFileType = net.daringfireball.markdown; path = README.md; sourceTree = "<group>"; };
		BC5393A6213ACE4A005AF5C5 /* TakeHomeTask.framework */ = {isa = PBXFileReference; lastKnownFileType = wrapper.framework; path = TakeHomeTask.framework; sourceTree = "<group>"; };
		BC5393B1213C124D005AF5C5 /* ImageDownloader.swift */ = {isa = PBXFileReference; lastKnownFileType = sourcecode.swift; path = ImageDownloader.swift; sourceTree = "<group>"; };
		BC5393B3213C15E2005AF5C5 /* MazeFrameViewController.swift */ = {isa = PBXFileReference; lastKnownFileType = sourcecode.swift; path = MazeFrameViewController.swift; sourceTree = "<group>"; };
		BC5393B7213C1FD9005AF5C5 /* MazeFrameViewModel.swift */ = {isa = PBXFileReference; lastKnownFileType = sourcecode.swift; path = MazeFrameViewModel.swift; sourceTree = "<group>"; };
		BC5393BA213C21A6005AF5C5 /* Room.swift */ = {isa = PBXFileReference; lastKnownFileType = sourcecode.swift; path = Room.swift; sourceTree = "<group>"; };
		BC75A650213D60AB00E27B64 /* TileView.swift */ = {isa = PBXFileReference; lastKnownFileType = sourcecode.swift; path = TileView.swift; sourceTree = "<group>"; };
		BCEEA5D42146A8750036339A /* MazeViewModel.swift */ = {isa = PBXFileReference; lastKnownFileType = sourcecode.swift; path = MazeViewModel.swift; sourceTree = "<group>"; };
		D004975D3CBA6C0482C80ABA /* Pods_MazeSolverRendererTests.framework */ = {isa = PBXFileReference; explicitFileType = wrapper.framework; includeInIndex = 0; path = Pods_MazeSolverRendererTests.framework; sourceTree = BUILT_PRODUCTS_DIR; };
		E2E822524C604C65058C4B7C /* Pods-MazeSolverRendererTests.debug.xcconfig */ = {isa = PBXFileReference; includeInIndex = 1; lastKnownFileType = text.xcconfig; name = "Pods-MazeSolverRendererTests.debug.xcconfig"; path = "Pods/Target Support Files/Pods-MazeSolverRendererTests/Pods-MazeSolverRendererTests.debug.xcconfig"; sourceTree = "<group>"; };
		F95C9065A3F024F67270F903 /* Pods-MazeSolverRenderer.debug.xcconfig */ = {isa = PBXFileReference; includeInIndex = 1; lastKnownFileType = text.xcconfig; name = "Pods-MazeSolverRenderer.debug.xcconfig"; path = "Pods/Target Support Files/Pods-MazeSolverRenderer/Pods-MazeSolverRenderer.debug.xcconfig"; sourceTree = "<group>"; };
/* End PBXFileReference section */

/* Begin PBXFrameworksBuildPhase section */
		BC1C9A9C213ACD5C0029AD9C /* Frameworks */ = {
			isa = PBXFrameworksBuildPhase;
			buildActionMask = 2147483647;
			files = (
				C280480A8B624CAEF0B22AE7 /* Pods_MazeSolverRenderer.framework in Frameworks */,
			);
			runOnlyForDeploymentPostprocessing = 0;
		};
		BC1C9AB3213ACD5D0029AD9C /* Frameworks */ = {
			isa = PBXFrameworksBuildPhase;
			buildActionMask = 2147483647;
			files = (
				6AECD1BC33491A00F32F32D8 /* Pods_MazeSolverRendererTests.framework in Frameworks */,
			);
			runOnlyForDeploymentPostprocessing = 0;
		};
/* End PBXFrameworksBuildPhase section */

/* Begin PBXGroup section */
		603E959E73038AA04316D004 /* Frameworks */ = {
			isa = PBXGroup;
			children = (
				07D30FEDF0EEB9EBB647200F /* Pods_MazeSolverRenderer.framework */,
				D004975D3CBA6C0482C80ABA /* Pods_MazeSolverRendererTests.framework */,
			);
			name = Frameworks;
			sourceTree = "<group>";
		};
		BC1C9A96213ACD5C0029AD9C = {
			isa = PBXGroup;
			children = (
				BC1C9AA1213ACD5C0029AD9C /* MazeSolverRenderer */,
				BC1C9AB9213ACD5D0029AD9C /* MazeSolverRendererTests */,
				BC1C9AA0213ACD5C0029AD9C /* Products */,
				D0E9722891CDF113833A9560 /* Pods */,
				603E959E73038AA04316D004 /* Frameworks */,
			);
			sourceTree = "<group>";
		};
		BC1C9AA0213ACD5C0029AD9C /* Products */ = {
			isa = PBXGroup;
			children = (
				BC1C9A9F213ACD5C0029AD9C /* MazeSolverRenderer.app */,
				BC1C9AB6213ACD5D0029AD9C /* MazeSolverRendererTests.xctest */,
			);
			name = Products;
			sourceTree = "<group>";
		};
		BC1C9AA1213ACD5C0029AD9C /* MazeSolverRenderer */ = {
			isa = PBXGroup;
			children = (
				BC482E8C213CC78F0032D4AF /* Utilities */,
				BC5393B9213C2180005AF5C5 /* Models */,
				BC5393B0213C1220005AF5C5 /* Domain */,
				BC5393AB213ACF18005AF5C5 /* Views */,
				BC5393B6213C1FC0005AF5C5 /* ViewModel */,
				BC1C9AA2213ACD5C0029AD9C /* AppDelegate.swift */,
				BC1C9AA6213ACD5C0029AD9C /* Main.storyboard */,
				BC1C9AAC213ACD5C0029AD9C /* Assets.xcassets */,
				BC1C9AAE213ACD5C0029AD9C /* LaunchScreen.storyboard */,
				BC1C9AB1213ACD5C0029AD9C /* Info.plist */,
				BC1C9AA9213ACD5C0029AD9C /* MazeSolverRenderer.xcdatamodeld */,
				BC5393A4213ACE4A005AF5C5 /* MazeApp-iPhone.jpg */,
				BC5393A5213ACE4A005AF5C5 /* README.md */,
				BC5393A6213ACE4A005AF5C5 /* TakeHomeTask.framework */,
				BC5393A3213ACE4A005AF5C5 /* TakeHomeTask.xcassets */,
			);
			path = MazeSolverRenderer;
			sourceTree = "<group>";
		};
		BC1C9AB9213ACD5D0029AD9C /* MazeSolverRendererTests */ = {
			isa = PBXGroup;
			children = (
				BC1C9ABA213ACD5D0029AD9C /* MazeSolverRendererTests.swift */,
				BC1C9ABC213ACD5D0029AD9C /* Info.plist */,
			);
			path = MazeSolverRendererTests;
			sourceTree = "<group>";
		};
		BC482E8C213CC78F0032D4AF /* Utilities */ = {
			isa = PBXGroup;
			children = (
				BC482E8D213CC7A60032D4AF /* ThreadSafeStack.swift */,
				BC482E8F213CCF1C0032D4AF /* ThreadSafeArray.swift */,
			);
			path = Utilities;
			sourceTree = "<group>";
		};
		BC5393AB213ACF18005AF5C5 /* Views */ = {
			isa = PBXGroup;
			children = (
				BC1C9AA4213ACD5C0029AD9C /* MazeViewController.swift */,
				BC5393B3213C15E2005AF5C5 /* MazeFrameViewController.swift */,
			);
			path = Views;
			sourceTree = "<group>";
		};
		BC5393B0213C1220005AF5C5 /* Domain */ = {
			isa = PBXGroup;
			children = (
				BC5393B1213C124D005AF5C5 /* ImageDownloader.swift */,
				BC482E8A213CC26B0032D4AF /* MazeNetworkManager.swift */,
				BC482E93213CDBB80032D4AF /* MazeProcessor.swift */,
			);
			path = Domain;
			sourceTree = "<group>";
		};
		BC5393B6213C1FC0005AF5C5 /* ViewModel */ = {
			isa = PBXGroup;
			children = (
				BC5393B7213C1FD9005AF5C5 /* MazeFrameViewModel.swift */,
				BCEEA5D42146A8750036339A /* MazeViewModel.swift */,
			);
			path = ViewModel;
			sourceTree = "<group>";
		};
		BC5393B9213C2180005AF5C5 /* Models */ = {
			isa = PBXGroup;
			children = (
				BC5393BA213C21A6005AF5C5 /* Room.swift */,
				BC482E91213CDB440032D4AF /* Tile.swift */,
				BC75A650213D60AB00E27B64 /* TileView.swift */,
			);
			path = Models;
			sourceTree = "<group>";
		};
		D0E9722891CDF113833A9560 /* Pods */ = {
			isa = PBXGroup;
			children = (
				F95C9065A3F024F67270F903 /* Pods-MazeSolverRenderer.debug.xcconfig */,
				09B60B9F1DC888B1C455040B /* Pods-MazeSolverRenderer.release.xcconfig */,
				E2E822524C604C65058C4B7C /* Pods-MazeSolverRendererTests.debug.xcconfig */,
				56822CE6BDD7F8A11238723D /* Pods-MazeSolverRendererTests.release.xcconfig */,
			);
			name = Pods;
			sourceTree = "<group>";
		};
/* End PBXGroup section */

/* Begin PBXNativeTarget section */
		BC1C9A9E213ACD5C0029AD9C /* MazeSolverRenderer */ = {
			isa = PBXNativeTarget;
			buildConfigurationList = BC1C9ABF213ACD5D0029AD9C /* Build configuration list for PBXNativeTarget "MazeSolverRenderer" */;
			buildPhases = (
				F5E2CF360FBCC6F980E81CF3 /* [CP] Check Pods Manifest.lock */,
				BC1C9A9B213ACD5C0029AD9C /* Sources */,
				BC1C9A9C213ACD5C0029AD9C /* Frameworks */,
				BC1C9A9D213ACD5C0029AD9C /* Resources */,
				899089D14305D2BF407A8707 /* [CP] Embed Pods Frameworks */,
				F991968B08578AF6A68C404D /* [CP] Copy Pods Resources */,
				BC5393AE213AD32C005AF5C5 /* Embed Frameworks */,
			);
			buildRules = (
			);
			dependencies = (
			);
			name = MazeSolverRenderer;
			productName = MazeSolverRenderer;
			productReference = BC1C9A9F213ACD5C0029AD9C /* MazeSolverRenderer.app */;
			productType = "com.apple.product-type.application";
		};
		BC1C9AB5213ACD5D0029AD9C /* MazeSolverRendererTests */ = {
			isa = PBXNativeTarget;
			buildConfigurationList = BC1C9AC2213ACD5D0029AD9C /* Build configuration list for PBXNativeTarget "MazeSolverRendererTests" */;
			buildPhases = (
				D9DC1BFA787BD30A392F2A9E /* [CP] Check Pods Manifest.lock */,
				BC1C9AB2213ACD5D0029AD9C /* Sources */,
				BC1C9AB3213ACD5D0029AD9C /* Frameworks */,
				BC1C9AB4213ACD5D0029AD9C /* Resources */,
				9C7AD7EC6B6D7195037946FB /* [CP] Embed Pods Frameworks */,
				6EE2DF7EA27711286B450CB5 /* [CP] Copy Pods Resources */,
			);
			buildRules = (
			);
			dependencies = (
				BC1C9AB8213ACD5D0029AD9C /* PBXTargetDependency */,
			);
			name = MazeSolverRendererTests;
			productName = MazeSolverRendererTests;
			productReference = BC1C9AB6213ACD5D0029AD9C /* MazeSolverRendererTests.xctest */;
			productType = "com.apple.product-type.bundle.unit-test";
		};
/* End PBXNativeTarget section */

/* Begin PBXProject section */
		BC1C9A97213ACD5C0029AD9C /* Project object */ = {
			isa = PBXProject;
			attributes = {
				LastSwiftUpdateCheck = 0940;
				LastUpgradeCheck = 0940;
				ORGANIZATIONNAME = "Anteng Lin";
				TargetAttributes = {
					BC1C9A9E213ACD5C0029AD9C = {
						CreatedOnToolsVersion = 9.4.1;
					};
					BC1C9AB5213ACD5D0029AD9C = {
						CreatedOnToolsVersion = 9.4.1;
						TestTargetID = BC1C9A9E213ACD5C0029AD9C;
					};
				};
			};
			buildConfigurationList = BC1C9A9A213ACD5C0029AD9C /* Build configuration list for PBXProject "MazeSolverRenderer" */;
			compatibilityVersion = "Xcode 9.3";
			developmentRegion = en;
			hasScannedForEncodings = 0;
			knownRegions = (
				en,
				Base,
			);
			mainGroup = BC1C9A96213ACD5C0029AD9C;
			productRefGroup = BC1C9AA0213ACD5C0029AD9C /* Products */;
			projectDirPath = "";
			projectRoot = "";
			targets = (
				BC1C9A9E213ACD5C0029AD9C /* MazeSolverRenderer */,
				BC1C9AB5213ACD5D0029AD9C /* MazeSolverRendererTests */,
			);
		};
/* End PBXProject section */

/* Begin PBXResourcesBuildPhase section */
		BC1C9A9D213ACD5C0029AD9C /* Resources */ = {
			isa = PBXResourcesBuildPhase;
			buildActionMask = 2147483647;
			files = (
				BC5393A9213ACE4A005AF5C5 /* README.md in Resources */,
				BC1C9AB0213ACD5C0029AD9C /* LaunchScreen.storyboard in Resources */,
				BC1C9AAD213ACD5C0029AD9C /* Assets.xcassets in Resources */,
				BC5393A7213ACE4A005AF5C5 /* TakeHomeTask.xcassets in Resources */,
				BC5393A8213ACE4A005AF5C5 /* MazeApp-iPhone.jpg in Resources */,
				BC1C9AA8213ACD5C0029AD9C /* Main.storyboard in Resources */,
			);
			runOnlyForDeploymentPostprocessing = 0;
		};
		BC1C9AB4213ACD5D0029AD9C /* Resources */ = {
			isa = PBXResourcesBuildPhase;
			buildActionMask = 2147483647;
			files = (
			);
			runOnlyForDeploymentPostprocessing = 0;
		};
/* End PBXResourcesBuildPhase section */

/* Begin PBXShellScriptBuildPhase section */
		6EE2DF7EA27711286B450CB5 /* [CP] Copy Pods Resources */ = {
			isa = PBXShellScriptBuildPhase;
			buildActionMask = 2147483647;
			files = (
			);
			inputPaths = (
			);
			name = "[CP] Copy Pods Resources";
			outputPaths = (
			);
			runOnlyForDeploymentPostprocessing = 0;
			shellPath = /bin/sh;
			shellScript = "\"${SRCROOT}/Pods/Target Support Files/Pods-MazeSolverRendererTests/Pods-MazeSolverRendererTests-resources.sh\"\n";
			showEnvVarsInLog = 0;
		};
		899089D14305D2BF407A8707 /* [CP] Embed Pods Frameworks */ = {
			isa = PBXShellScriptBuildPhase;
			buildActionMask = 2147483647;
			files = (
			);
			inputPaths = (
				"${SRCROOT}/Pods/Target Support Files/Pods-MazeSolverRenderer/Pods-MazeSolverRenderer-frameworks.sh",
				"${BUILT_PRODUCTS_DIR}/Alamofire/Alamofire.framework",
			);
			name = "[CP] Embed Pods Frameworks";
			outputPaths = (
				"${TARGET_BUILD_DIR}/${FRAMEWORKS_FOLDER_PATH}/Alamofire.framework",
			);
			runOnlyForDeploymentPostprocessing = 0;
			shellPath = /bin/sh;
			shellScript = "\"${SRCROOT}/Pods/Target Support Files/Pods-MazeSolverRenderer/Pods-MazeSolverRenderer-frameworks.sh\"\n";
			showEnvVarsInLog = 0;
		};
		9C7AD7EC6B6D7195037946FB /* [CP] Embed Pods Frameworks */ = {
			isa = PBXShellScriptBuildPhase;
			buildActionMask = 2147483647;
			files = (
			);
			inputPaths = (
			);
			name = "[CP] Embed Pods Frameworks";
			outputPaths = (
			);
			runOnlyForDeploymentPostprocessing = 0;
			shellPath = /bin/sh;
			shellScript = "\"${SRCROOT}/Pods/Target Support Files/Pods-MazeSolverRendererTests/Pods-MazeSolverRendererTests-frameworks.sh\"\n";
			showEnvVarsInLog = 0;
		};
		D9DC1BFA787BD30A392F2A9E /* [CP] Check Pods Manifest.lock */ = {
			isa = PBXShellScriptBuildPhase;
			buildActionMask = 2147483647;
			files = (
			);
			inputPaths = (
				"${PODS_PODFILE_DIR_PATH}/Podfile.lock",
				"${PODS_ROOT}/Manifest.lock",
			);
			name = "[CP] Check Pods Manifest.lock";
			outputPaths = (
				"$(DERIVED_FILE_DIR)/Pods-MazeSolverRendererTests-checkManifestLockResult.txt",
			);
			runOnlyForDeploymentPostprocessing = 0;
			shellPath = /bin/sh;
			shellScript = "diff \"${PODS_PODFILE_DIR_PATH}/Podfile.lock\" \"${PODS_ROOT}/Manifest.lock\" > /dev/null\nif [ $? != 0 ] ; then\n    # print error to STDERR\n    echo \"error: The sandbox is not in sync with the Podfile.lock. Run 'pod install' or update your CocoaPods installation.\" >&2\n    exit 1\nfi\n# This output is used by Xcode 'outputs' to avoid re-running this script phase.\necho \"SUCCESS\" > \"${SCRIPT_OUTPUT_FILE_0}\"\n";
			showEnvVarsInLog = 0;
		};
		F5E2CF360FBCC6F980E81CF3 /* [CP] Check Pods Manifest.lock */ = {
			isa = PBXShellScriptBuildPhase;
			buildActionMask = 2147483647;
			files = (
			);
			inputPaths = (
				"${PODS_PODFILE_DIR_PATH}/Podfile.lock",
				"${PODS_ROOT}/Manifest.lock",
			);
			name = "[CP] Check Pods Manifest.lock";
			outputPaths = (
				"$(DERIVED_FILE_DIR)/Pods-MazeSolverRenderer-checkManifestLockResult.txt",
			);
			runOnlyForDeploymentPostprocessing = 0;
			shellPath = /bin/sh;
			shellScript = "diff \"${PODS_PODFILE_DIR_PATH}/Podfile.lock\" \"${PODS_ROOT}/Manifest.lock\" > /dev/null\nif [ $? != 0 ] ; then\n    # print error to STDERR\n    echo \"error: The sandbox is not in sync with the Podfile.lock. Run 'pod install' or update your CocoaPods installation.\" >&2\n    exit 1\nfi\n# This output is used by Xcode 'outputs' to avoid re-running this script phase.\necho \"SUCCESS\" > \"${SCRIPT_OUTPUT_FILE_0}\"\n";
			showEnvVarsInLog = 0;
		};
		F991968B08578AF6A68C404D /* [CP] Copy Pods Resources */ = {
			isa = PBXShellScriptBuildPhase;
			buildActionMask = 2147483647;
			files = (
			);
			inputPaths = (
			);
			name = "[CP] Copy Pods Resources";
			outputPaths = (
			);
			runOnlyForDeploymentPostprocessing = 0;
			shellPath = /bin/sh;
			shellScript = "\"${SRCROOT}/Pods/Target Support Files/Pods-MazeSolverRenderer/Pods-MazeSolverRenderer-resources.sh\"\n";
			showEnvVarsInLog = 0;
		};
/* End PBXShellScriptBuildPhase section */

/* Begin PBXSourcesBuildPhase section */
		BC1C9A9B213ACD5C0029AD9C /* Sources */ = {
			isa = PBXSourcesBuildPhase;
			buildActionMask = 2147483647;
			files = (
				BC1C9AA5213ACD5C0029AD9C /* MazeViewController.swift in Sources */,
				BC5393B8213C1FD9005AF5C5 /* MazeFrameViewModel.swift in Sources */,
				BC75A651213D60AB00E27B64 /* TileView.swift in Sources */,
				BC5393BB213C21A6005AF5C5 /* Room.swift in Sources */,
				BC1C9AAB213ACD5C0029AD9C /* MazeSolverRenderer.xcdatamodeld in Sources */,
				BC482E8B213CC26B0032D4AF /* MazeNetworkManager.swift in Sources */,
				BC5393B2213C124D005AF5C5 /* ImageDownloader.swift in Sources */,
				BC5393B4213C15E2005AF5C5 /* MazeFrameViewController.swift in Sources */,
				BC1C9AA3213ACD5C0029AD9C /* AppDelegate.swift in Sources */,
				BC482E90213CCF1C0032D4AF /* ThreadSafeArray.swift in Sources */,
				BC482E92213CDB440032D4AF /* Tile.swift in Sources */,
				BCEEA5D52146A8750036339A /* MazeViewModel.swift in Sources */,
				BC482E94213CDBB80032D4AF /* MazeProcessor.swift in Sources */,
				BC482E8E213CC7A60032D4AF /* ThreadSafeStack.swift in Sources */,
			);
			runOnlyForDeploymentPostprocessing = 0;
		};
		BC1C9AB2213ACD5D0029AD9C /* Sources */ = {
			isa = PBXSourcesBuildPhase;
			buildActionMask = 2147483647;
			files = (
				BC1C9ABB213ACD5D0029AD9C /* MazeSolverRendererTests.swift in Sources */,
			);
			runOnlyForDeploymentPostprocessing = 0;
		};
/* End PBXSourcesBuildPhase section */

/* Begin PBXTargetDependency section */
		BC1C9AB8213ACD5D0029AD9C /* PBXTargetDependency */ = {
			isa = PBXTargetDependency;
			target = BC1C9A9E213ACD5C0029AD9C /* MazeSolverRenderer */;
			targetProxy = BC1C9AB7213ACD5D0029AD9C /* PBXContainerItemProxy */;
		};
/* End PBXTargetDependency section */

/* Begin PBXVariantGroup section */
		BC1C9AA6213ACD5C0029AD9C /* Main.storyboard */ = {
			isa = PBXVariantGroup;
			children = (
				BC1C9AA7213ACD5C0029AD9C /* Base */,
			);
			name = Main.storyboard;
			sourceTree = "<group>";
		};
		BC1C9AAE213ACD5C0029AD9C /* LaunchScreen.storyboard */ = {
			isa = PBXVariantGroup;
			children = (
				BC1C9AAF213ACD5C0029AD9C /* Base */,
			);
			name = LaunchScreen.storyboard;
			sourceTree = "<group>";
		};
/* End PBXVariantGroup section */

/* Begin XCBuildConfiguration section */
		BC1C9ABD213ACD5D0029AD9C /* Debug */ = {
			isa = XCBuildConfiguration;
			buildSettings = {
				ALWAYS_SEARCH_USER_PATHS = NO;
				CLANG_ANALYZER_NONNULL = YES;
				CLANG_ANALYZER_NUMBER_OBJECT_CONVERSION = YES_AGGRESSIVE;
				CLANG_CXX_LANGUAGE_STANDARD = "gnu++14";
				CLANG_CXX_LIBRARY = "libc++";
				CLANG_ENABLE_MODULES = YES;
				CLANG_ENABLE_OBJC_ARC = YES;
				CLANG_ENABLE_OBJC_WEAK = YES;
				CLANG_WARN_BLOCK_CAPTURE_AUTORELEASING = YES;
				CLANG_WARN_BOOL_CONVERSION = YES;
				CLANG_WARN_COMMA = YES;
				CLANG_WARN_CONSTANT_CONVERSION = YES;
				CLANG_WARN_DEPRECATED_OBJC_IMPLEMENTATIONS = YES;
				CLANG_WARN_DIRECT_OBJC_ISA_USAGE = YES_ERROR;
				CLANG_WARN_DOCUMENTATION_COMMENTS = YES;
				CLANG_WARN_EMPTY_BODY = YES;
				CLANG_WARN_ENUM_CONVERSION = YES;
				CLANG_WARN_INFINITE_RECURSION = YES;
				CLANG_WARN_INT_CONVERSION = YES;
				CLANG_WARN_NON_LITERAL_NULL_CONVERSION = YES;
				CLANG_WARN_OBJC_IMPLICIT_RETAIN_SELF = YES;
				CLANG_WARN_OBJC_LITERAL_CONVERSION = YES;
				CLANG_WARN_OBJC_ROOT_CLASS = YES_ERROR;
				CLANG_WARN_RANGE_LOOP_ANALYSIS = YES;
				CLANG_WARN_STRICT_PROTOTYPES = YES;
				CLANG_WARN_SUSPICIOUS_MOVE = YES;
				CLANG_WARN_UNGUARDED_AVAILABILITY = YES_AGGRESSIVE;
				CLANG_WARN_UNREACHABLE_CODE = YES;
				CLANG_WARN__DUPLICATE_METHOD_MATCH = YES;
				CODE_SIGN_IDENTITY = "iPhone Developer";
				COPY_PHASE_STRIP = NO;
				DEBUG_INFORMATION_FORMAT = dwarf;
				ENABLE_STRICT_OBJC_MSGSEND = YES;
				ENABLE_TESTABILITY = YES;
				GCC_C_LANGUAGE_STANDARD = gnu11;
				GCC_DYNAMIC_NO_PIC = NO;
				GCC_NO_COMMON_BLOCKS = YES;
				GCC_OPTIMIZATION_LEVEL = 0;
				GCC_PREPROCESSOR_DEFINITIONS = (
					"DEBUG=1",
					"$(inherited)",
				);
				GCC_WARN_64_TO_32_BIT_CONVERSION = YES;
				GCC_WARN_ABOUT_RETURN_TYPE = YES_ERROR;
				GCC_WARN_UNDECLARED_SELECTOR = YES;
				GCC_WARN_UNINITIALIZED_AUTOS = YES_AGGRESSIVE;
				GCC_WARN_UNUSED_FUNCTION = YES;
				GCC_WARN_UNUSED_VARIABLE = YES;
				IPHONEOS_DEPLOYMENT_TARGET = 11.4;
				MTL_ENABLE_DEBUG_INFO = YES;
				ONLY_ACTIVE_ARCH = YES;
				SDKROOT = iphoneos;
				SWIFT_ACTIVE_COMPILATION_CONDITIONS = DEBUG;
				SWIFT_OPTIMIZATION_LEVEL = "-Onone";
			};
			name = Debug;
		};
		BC1C9ABE213ACD5D0029AD9C /* Release */ = {
			isa = XCBuildConfiguration;
			buildSettings = {
				ALWAYS_SEARCH_USER_PATHS = NO;
				CLANG_ANALYZER_NONNULL = YES;
				CLANG_ANALYZER_NUMBER_OBJECT_CONVERSION = YES_AGGRESSIVE;
				CLANG_CXX_LANGUAGE_STANDARD = "gnu++14";
				CLANG_CXX_LIBRARY = "libc++";
				CLANG_ENABLE_MODULES = YES;
				CLANG_ENABLE_OBJC_ARC = YES;
				CLANG_ENABLE_OBJC_WEAK = YES;
				CLANG_WARN_BLOCK_CAPTURE_AUTORELEASING = YES;
				CLANG_WARN_BOOL_CONVERSION = YES;
				CLANG_WARN_COMMA = YES;
				CLANG_WARN_CONSTANT_CONVERSION = YES;
				CLANG_WARN_DEPRECATED_OBJC_IMPLEMENTATIONS = YES;
				CLANG_WARN_DIRECT_OBJC_ISA_USAGE = YES_ERROR;
				CLANG_WARN_DOCUMENTATION_COMMENTS = YES;
				CLANG_WARN_EMPTY_BODY = YES;
				CLANG_WARN_ENUM_CONVERSION = YES;
				CLANG_WARN_INFINITE_RECURSION = YES;
				CLANG_WARN_INT_CONVERSION = YES;
				CLANG_WARN_NON_LITERAL_NULL_CONVERSION = YES;
				CLANG_WARN_OBJC_IMPLICIT_RETAIN_SELF = YES;
				CLANG_WARN_OBJC_LITERAL_CONVERSION = YES;
				CLANG_WARN_OBJC_ROOT_CLASS = YES_ERROR;
				CLANG_WARN_RANGE_LOOP_ANALYSIS = YES;
				CLANG_WARN_STRICT_PROTOTYPES = YES;
				CLANG_WARN_SUSPICIOUS_MOVE = YES;
				CLANG_WARN_UNGUARDED_AVAILABILITY = YES_AGGRESSIVE;
				CLANG_WARN_UNREACHABLE_CODE = YES;
				CLANG_WARN__DUPLICATE_METHOD_MATCH = YES;
				CODE_SIGN_IDENTITY = "iPhone Developer";
				COPY_PHASE_STRIP = NO;
				DEBUG_INFORMATION_FORMAT = "dwarf-with-dsym";
				ENABLE_NS_ASSERTIONS = NO;
				ENABLE_STRICT_OBJC_MSGSEND = YES;
				GCC_C_LANGUAGE_STANDARD = gnu11;
				GCC_NO_COMMON_BLOCKS = YES;
				GCC_WARN_64_TO_32_BIT_CONVERSION = YES;
				GCC_WARN_ABOUT_RETURN_TYPE = YES_ERROR;
				GCC_WARN_UNDECLARED_SELECTOR = YES;
				GCC_WARN_UNINITIALIZED_AUTOS = YES_AGGRESSIVE;
				GCC_WARN_UNUSED_FUNCTION = YES;
				GCC_WARN_UNUSED_VARIABLE = YES;
				IPHONEOS_DEPLOYMENT_TARGET = 11.4;
				MTL_ENABLE_DEBUG_INFO = NO;
				SDKROOT = iphoneos;
				SWIFT_COMPILATION_MODE = wholemodule;
				SWIFT_OPTIMIZATION_LEVEL = "-O";
				VALIDATE_PRODUCT = YES;
			};
			name = Release;
		};
		BC1C9AC0213ACD5D0029AD9C /* Debug */ = {
			isa = XCBuildConfiguration;
			baseConfigurationReference = F95C9065A3F024F67270F903 /* Pods-MazeSolverRenderer.debug.xcconfig */;
			buildSettings = {
				ASSETCATALOG_COMPILER_APPICON_NAME = AppIcon;
				CODE_SIGN_STYLE = Automatic;
				DEVELOPMENT_TEAM = CDFABBUJB6;
				FRAMEWORK_SEARCH_PATHS = (
					"$(inherited)",
					"$(PROJECT_DIR)/MazeSolverRenderer",
				);
				INFOPLIST_FILE = MazeSolverRenderer/Info.plist;
				LD_RUNPATH_SEARCH_PATHS = (
					"$(inherited)",
					"@executable_path/Frameworks",
				);
				PRODUCT_BUNDLE_IDENTIFIER = AntengLin.MazeSolverRenderer;
				PRODUCT_NAME = "$(TARGET_NAME)";
				SWIFT_VERSION = 4.0;
				TARGETED_DEVICE_FAMILY = "1,2";
			};
			name = Debug;
		};
		BC1C9AC1213ACD5D0029AD9C /* Release */ = {
			isa = XCBuildConfiguration;
			baseConfigurationReference = 09B60B9F1DC888B1C455040B /* Pods-MazeSolverRenderer.release.xcconfig */;
			buildSettings = {
				ASSETCATALOG_COMPILER_APPICON_NAME = AppIcon;
				CODE_SIGN_STYLE = Automatic;
				DEVELOPMENT_TEAM = CDFABBUJB6;
				FRAMEWORK_SEARCH_PATHS = (
					"$(inherited)",
					"$(PROJECT_DIR)/MazeSolverRenderer",
				);
				INFOPLIST_FILE = MazeSolverRenderer/Info.plist;
				LD_RUNPATH_SEARCH_PATHS = (
					"$(inherited)",
					"@executable_path/Frameworks",
				);
				PRODUCT_BUNDLE_IDENTIFIER = AntengLin.MazeSolverRenderer;
				PRODUCT_NAME = "$(TARGET_NAME)";
				SWIFT_VERSION = 4.0;
				TARGETED_DEVICE_FAMILY = "1,2";
			};
			name = Release;
		};
		BC1C9AC3213ACD5D0029AD9C /* Debug */ = {
			isa = XCBuildConfiguration;
			baseConfigurationReference = E2E822524C604C65058C4B7C /* Pods-MazeSolverRendererTests.debug.xcconfig */;
			buildSettings = {
				ALWAYS_EMBED_SWIFT_STANDARD_LIBRARIES = YES;
				BUNDLE_LOADER = "$(TEST_HOST)";
				CODE_SIGN_STYLE = Automatic;
				DEVELOPMENT_TEAM = CDFABBUJB6;
				INFOPLIST_FILE = MazeSolverRendererTests/Info.plist;
				LD_RUNPATH_SEARCH_PATHS = (
					"$(inherited)",
					"@executable_path/Frameworks",
					"@loader_path/Frameworks",
				);
				PRODUCT_BUNDLE_IDENTIFIER = AntengLin.MazeSolverRendererTests;
				PRODUCT_NAME = "$(TARGET_NAME)";
				SWIFT_VERSION = 4.0;
				TARGETED_DEVICE_FAMILY = "1,2";
				TEST_HOST = "$(BUILT_PRODUCTS_DIR)/MazeSolverRenderer.app/MazeSolverRenderer";
			};
			name = Debug;
		};
		BC1C9AC4213ACD5D0029AD9C /* Release */ = {
			isa = XCBuildConfiguration;
			baseConfigurationReference = 56822CE6BDD7F8A11238723D /* Pods-MazeSolverRendererTests.release.xcconfig */;
			buildSettings = {
				ALWAYS_EMBED_SWIFT_STANDARD_LIBRARIES = YES;
				BUNDLE_LOADER = "$(TEST_HOST)";
				CODE_SIGN_STYLE = Automatic;
				DEVELOPMENT_TEAM = CDFABBUJB6;
				INFOPLIST_FILE = MazeSolverRendererTests/Info.plist;
				LD_RUNPATH_SEARCH_PATHS = (
					"$(inherited)",
					"@executable_path/Frameworks",
					"@loader_path/Frameworks",
				);
				PRODUCT_BUNDLE_IDENTIFIER = AntengLin.MazeSolverRendererTests;
				PRODUCT_NAME = "$(TARGET_NAME)";
				SWIFT_VERSION = 4.0;
				TARGETED_DEVICE_FAMILY = "1,2";
				TEST_HOST = "$(BUILT_PRODUCTS_DIR)/MazeSolverRenderer.app/MazeSolverRenderer";
			};
			name = Release;
		};
/* End XCBuildConfiguration section */

/* Begin XCConfigurationList section */
		BC1C9A9A213ACD5C0029AD9C /* Build configuration list for PBXProject "MazeSolverRenderer" */ = {
			isa = XCConfigurationList;
			buildConfigurations = (
				BC1C9ABD213ACD5D0029AD9C /* Debug */,
				BC1C9ABE213ACD5D0029AD9C /* Release */,
			);
			defaultConfigurationIsVisible = 0;
			defaultConfigurationName = Release;
		};
		BC1C9ABF213ACD5D0029AD9C /* Build configuration list for PBXNativeTarget "MazeSolverRenderer" */ = {
			isa = XCConfigurationList;
			buildConfigurations = (
				BC1C9AC0213ACD5D0029AD9C /* Debug */,
				BC1C9AC1213ACD5D0029AD9C /* Release */,
			);
			defaultConfigurationIsVisible = 0;
			defaultConfigurationName = Release;
		};
		BC1C9AC2213ACD5D0029AD9C /* Build configuration list for PBXNativeTarget "MazeSolverRendererTests" */ = {
			isa = XCConfigurationList;
			buildConfigurations = (
				BC1C9AC3213ACD5D0029AD9C /* Debug */,
				BC1C9AC4213ACD5D0029AD9C /* Release */,
			);
			defaultConfigurationIsVisible = 0;
			defaultConfigurationName = Release;
		};
/* End XCConfigurationList section */

/* Begin XCVersionGroup section */
		BC1C9AA9213ACD5C0029AD9C /* MazeSolverRenderer.xcdatamodeld */ = {
			isa = XCVersionGroup;
			children = (
				BC1C9AAA213ACD5C0029AD9C /* MazeSolverRenderer.xcdatamodel */,
			);
			currentVersion = BC1C9AAA213ACD5C0029AD9C /* MazeSolverRenderer.xcdatamodel */;
			path = MazeSolverRenderer.xcdatamodeld;
			sourceTree = "<group>";
			versionGroupType = wrapper.xcdatamodel;
		};
/* End XCVersionGroup section */
	};
	rootObject = BC1C9A97213ACD5C0029AD9C /* Project object */;
}
